// !$*UTF8*$!
{
	archiveVersion = 1;
	classes = {
	};
	objectVersion = 50;
	objects = {

/* Begin PBXBuildFile section */
		C88CBF062586076600E5FAFE /* Juno.h in Headers */ = {isa = PBXBuildFile; fileRef = C88CBF042586076600E5FAFE /* Juno.h */; settings = {ATTRIBUTES = (Public, ); }; };
		C88CBF0E258607CE00E5FAFE /* JunoMainController.swift in Sources */ = {isa = PBXBuildFile; fileRef = C88CBF0D258607CE00E5FAFE /* JunoMainController.swift */; };
		C88CBF122586081700E5FAFE /* ConsoleViewController.swift in Sources */ = {isa = PBXBuildFile; fileRef = C88CBF112586081700E5FAFE /* ConsoleViewController.swift */; };
		C88CBF152586082700E5FAFE /* Logger.swift in Sources */ = {isa = PBXBuildFile; fileRef = C88CBF142586082700E5FAFE /* Logger.swift */; };
		C88CBF212586097900E5FAFE /* AppDelegate.swift in Sources */ = {isa = PBXBuildFile; fileRef = C88CBF202586097900E5FAFE /* AppDelegate.swift */; };
		C88CBF252586097900E5FAFE /* ViewController.swift in Sources */ = {isa = PBXBuildFile; fileRef = C88CBF242586097900E5FAFE /* ViewController.swift */; };
		C88CBF282586097900E5FAFE /* Main.storyboard in Resources */ = {isa = PBXBuildFile; fileRef = C88CBF262586097900E5FAFE /* Main.storyboard */; };
		C88CBF2A2586097900E5FAFE /* Assets.xcassets in Resources */ = {isa = PBXBuildFile; fileRef = C88CBF292586097900E5FAFE /* Assets.xcassets */; };
		C88CBF2D2586097900E5FAFE /* LaunchScreen.storyboard in Resources */ = {isa = PBXBuildFile; fileRef = C88CBF2B2586097900E5FAFE /* LaunchScreen.storyboard */; };
		C88CBF4525860CB000E5FAFE /* Juno.swift in Sources */ = {isa = PBXBuildFile; fileRef = C88CBF4425860CB000E5FAFE /* Juno.swift */; };
		C88CBF5425861CF500E5FAFE /* Juno.framework in Frameworks */ = {isa = PBXBuildFile; fileRef = C88CBF012586076600E5FAFE /* Juno.framework */; };
		C88CBF5525861CF500E5FAFE /* Juno.framework in Embed Frameworks */ = {isa = PBXBuildFile; fileRef = C88CBF012586076600E5FAFE /* Juno.framework */; settings = {ATTRIBUTES = (CodeSignOnCopy, RemoveHeadersOnCopy, ); }; };
/* End PBXBuildFile section */

/* Begin PBXContainerItemProxy section */
		C88CBF5625861CF500E5FAFE /* PBXContainerItemProxy */ = {
			isa = PBXContainerItemProxy;
			containerPortal = C88CBEF82586076600E5FAFE /* Project object */;
			proxyType = 1;
			remoteGlobalIDString = C88CBF002586076600E5FAFE;
			remoteInfo = Juno;
		};
/* End PBXContainerItemProxy section */

/* Begin PBXCopyFilesBuildPhase section */
		C88CBF5825861CF500E5FAFE /* Embed Frameworks */ = {
			isa = PBXCopyFilesBuildPhase;
			buildActionMask = 2147483647;
			dstPath = "";
			dstSubfolderSpec = 10;
			files = (
				C88CBF5525861CF500E5FAFE /* Juno.framework in Embed Frameworks */,
			);
			name = "Embed Frameworks";
			runOnlyForDeploymentPostprocessing = 0;
		};
/* End PBXCopyFilesBuildPhase section */

/* Begin PBXFileReference section */
		C88CBF012586076600E5FAFE /* Juno.framework */ = {isa = PBXFileReference; explicitFileType = wrapper.framework; includeInIndex = 0; path = Juno.framework; sourceTree = BUILT_PRODUCTS_DIR; };
		C88CBF042586076600E5FAFE /* Juno.h */ = {isa = PBXFileReference; lastKnownFileType = sourcecode.c.h; path = Juno.h; sourceTree = "<group>"; };
		C88CBF052586076600E5FAFE /* Info.plist */ = {isa = PBXFileReference; lastKnownFileType = text.plist.xml; path = Info.plist; sourceTree = "<group>"; };
		C88CBF0D258607CE00E5FAFE /* JunoMainController.swift */ = {isa = PBXFileReference; lastKnownFileType = sourcecode.swift; path = JunoMainController.swift; sourceTree = "<group>"; };
		C88CBF112586081700E5FAFE /* ConsoleViewController.swift */ = {isa = PBXFileReference; lastKnownFileType = sourcecode.swift; path = ConsoleViewController.swift; sourceTree = "<group>"; };
		C88CBF142586082700E5FAFE /* Logger.swift */ = {isa = PBXFileReference; lastKnownFileType = sourcecode.swift; path = Logger.swift; sourceTree = "<group>"; };
		C88CBF1E2586097900E5FAFE /* JunoExample.app */ = {isa = PBXFileReference; explicitFileType = wrapper.application; includeInIndex = 0; path = JunoExample.app; sourceTree = BUILT_PRODUCTS_DIR; };
		C88CBF202586097900E5FAFE /* AppDelegate.swift */ = {isa = PBXFileReference; lastKnownFileType = sourcecode.swift; path = AppDelegate.swift; sourceTree = "<group>"; };
		C88CBF242586097900E5FAFE /* ViewController.swift */ = {isa = PBXFileReference; lastKnownFileType = sourcecode.swift; path = ViewController.swift; sourceTree = "<group>"; };
		C88CBF272586097900E5FAFE /* Base */ = {isa = PBXFileReference; lastKnownFileType = file.storyboard; name = Base; path = Base.lproj/Main.storyboard; sourceTree = "<group>"; };
		C88CBF292586097900E5FAFE /* Assets.xcassets */ = {isa = PBXFileReference; lastKnownFileType = folder.assetcatalog; path = Assets.xcassets; sourceTree = "<group>"; };
		C88CBF2C2586097900E5FAFE /* Base */ = {isa = PBXFileReference; lastKnownFileType = file.storyboard; name = Base; path = Base.lproj/LaunchScreen.storyboard; sourceTree = "<group>"; };
		C88CBF2E2586097900E5FAFE /* Info.plist */ = {isa = PBXFileReference; lastKnownFileType = text.plist.xml; path = Info.plist; sourceTree = "<group>"; };
		C88CBF4425860CB000E5FAFE /* Juno.swift */ = {isa = PBXFileReference; lastKnownFileType = sourcecode.swift; path = Juno.swift; sourceTree = "<group>"; };
/* End PBXFileReference section */

/* Begin PBXFrameworksBuildPhase section */
		C88CBEFE2586076600E5FAFE /* Frameworks */ = {
			isa = PBXFrameworksBuildPhase;
			buildActionMask = 2147483647;
			files = (
			);
			runOnlyForDeploymentPostprocessing = 0;
		};
		C88CBF1B2586097900E5FAFE /* Frameworks */ = {
			isa = PBXFrameworksBuildPhase;
			buildActionMask = 2147483647;
			files = (
				C88CBF5425861CF500E5FAFE /* Juno.framework in Frameworks */,
			);
			runOnlyForDeploymentPostprocessing = 0;
		};
/* End PBXFrameworksBuildPhase section */

/* Begin PBXGroup section */
		C88CBEF72586076600E5FAFE = {
			isa = PBXGroup;
			children = (
				C88CBF032586076600E5FAFE /* Juno */,
				C88CBF1F2586097900E5FAFE /* JunoExample */,
				C88CBF022586076600E5FAFE /* Products */,
				C88CBF5325861CF500E5FAFE /* Frameworks */,
			);
			sourceTree = "<group>";
		};
		C88CBF022586076600E5FAFE /* Products */ = {
			isa = PBXGroup;
			children = (
				C88CBF012586076600E5FAFE /* Juno.framework */,
				C88CBF1E2586097900E5FAFE /* JunoExample.app */,
			);
			name = Products;
			sourceTree = "<group>";
		};
		C88CBF032586076600E5FAFE /* Juno */ = {
			isa = PBXGroup;
			children = (
				C88CBF042586076600E5FAFE /* Juno.h */,
				C88CBF052586076600E5FAFE /* Info.plist */,
				C88CBF0D258607CE00E5FAFE /* JunoMainController.swift */,
				C88CBF112586081700E5FAFE /* ConsoleViewController.swift */,
				C88CBF142586082700E5FAFE /* Logger.swift */,
				C88CBF4425860CB000E5FAFE /* Juno.swift */,
			);
			path = Juno;
			sourceTree = "<group>";
		};
		C88CBF1F2586097900E5FAFE /* JunoExample */ = {
			isa = PBXGroup;
			children = (
				C88CBF202586097900E5FAFE /* AppDelegate.swift */,
				C88CBF242586097900E5FAFE /* ViewController.swift */,
				C88CBF262586097900E5FAFE /* Main.storyboard */,
				C88CBF292586097900E5FAFE /* Assets.xcassets */,
				C88CBF2B2586097900E5FAFE /* LaunchScreen.storyboard */,
				C88CBF2E2586097900E5FAFE /* Info.plist */,
			);
			path = JunoExample;
			sourceTree = "<group>";
		};
		C88CBF5325861CF500E5FAFE /* Frameworks */ = {
			isa = PBXGroup;
			children = (
			);
			name = Frameworks;
			sourceTree = "<group>";
		};
/* End PBXGroup section */

/* Begin PBXHeadersBuildPhase section */
		C88CBEFC2586076600E5FAFE /* Headers */ = {
			isa = PBXHeadersBuildPhase;
			buildActionMask = 2147483647;
			files = (
				C88CBF062586076600E5FAFE /* Juno.h in Headers */,
			);
			runOnlyForDeploymentPostprocessing = 0;
		};
/* End PBXHeadersBuildPhase section */

/* Begin PBXNativeTarget section */
		C88CBF002586076600E5FAFE /* Juno */ = {
			isa = PBXNativeTarget;
			buildConfigurationList = C88CBF092586076600E5FAFE /* Build configuration list for PBXNativeTarget "Juno" */;
			buildPhases = (
				C88CBEFC2586076600E5FAFE /* Headers */,
				C88CBEFD2586076600E5FAFE /* Sources */,
				C88CBEFE2586076600E5FAFE /* Frameworks */,
				C88CBEFF2586076600E5FAFE /* Resources */,
			);
			buildRules = (
			);
			dependencies = (
			);
			name = Juno;
			productName = Juno;
			productReference = C88CBF012586076600E5FAFE /* Juno.framework */;
			productType = "com.apple.product-type.framework";
		};
		C88CBF1D2586097900E5FAFE /* JunoExample */ = {
			isa = PBXNativeTarget;
			buildConfigurationList = C88CBF2F2586097900E5FAFE /* Build configuration list for PBXNativeTarget "JunoExample" */;
			buildPhases = (
				C88CBF1A2586097900E5FAFE /* Sources */,
				C88CBF1B2586097900E5FAFE /* Frameworks */,
				C88CBF1C2586097900E5FAFE /* Resources */,
				C88CBF5825861CF500E5FAFE /* Embed Frameworks */,
			);
			buildRules = (
			);
			dependencies = (
				C88CBF5725861CF500E5FAFE /* PBXTargetDependency */,
			);
			name = JunoExample;
			productName = JunoExample;
			productReference = C88CBF1E2586097900E5FAFE /* JunoExample.app */;
			productType = "com.apple.product-type.application";
		};
/* End PBXNativeTarget section */

/* Begin PBXProject section */
		C88CBEF82586076600E5FAFE /* Project object */ = {
			isa = PBXProject;
			attributes = {
				LastSwiftUpdateCheck = 1210;
				LastUpgradeCheck = 1210;
				TargetAttributes = {
					C88CBF002586076600E5FAFE = {
						CreatedOnToolsVersion = 12.1;
						LastSwiftMigration = 1210;
					};
					C88CBF1D2586097900E5FAFE = {
						CreatedOnToolsVersion = 12.1;
					};
				};
			};
			buildConfigurationList = C88CBEFB2586076600E5FAFE /* Build configuration list for PBXProject "Juno" */;
			compatibilityVersion = "Xcode 9.3";
			developmentRegion = en;
			hasScannedForEncodings = 0;
			knownRegions = (
				en,
				Base,
			);
			mainGroup = C88CBEF72586076600E5FAFE;
			productRefGroup = C88CBF022586076600E5FAFE /* Products */;
			projectDirPath = "";
			projectRoot = "";
			targets = (
				C88CBF002586076600E5FAFE /* Juno */,
				C88CBF1D2586097900E5FAFE /* JunoExample */,
			);
		};
/* End PBXProject section */

/* Begin PBXResourcesBuildPhase section */
		C88CBEFF2586076600E5FAFE /* Resources */ = {
			isa = PBXResourcesBuildPhase;
			buildActionMask = 2147483647;
			files = (
			);
			runOnlyForDeploymentPostprocessing = 0;
		};
		C88CBF1C2586097900E5FAFE /* Resources */ = {
			isa = PBXResourcesBuildPhase;
			buildActionMask = 2147483647;
			files = (
				C88CBF2D2586097900E5FAFE /* LaunchScreen.storyboard in Resources */,
				C88CBF2A2586097900E5FAFE /* Assets.xcassets in Resources */,
				C88CBF282586097900E5FAFE /* Main.storyboard in Resources */,
			);
			runOnlyForDeploymentPostprocessing = 0;
		};
/* End PBXResourcesBuildPhase section */

/* Begin PBXSourcesBuildPhase section */
		C88CBEFD2586076600E5FAFE /* Sources */ = {
			isa = PBXSourcesBuildPhase;
			buildActionMask = 2147483647;
			files = (
				C88CBF122586081700E5FAFE /* ConsoleViewController.swift in Sources */,
				C88CBF4525860CB000E5FAFE /* Juno.swift in Sources */,
				C88CBF152586082700E5FAFE /* Logger.swift in Sources */,
				C88CBF0E258607CE00E5FAFE /* JunoMainController.swift in Sources */,
			);
			runOnlyForDeploymentPostprocessing = 0;
		};
		C88CBF1A2586097900E5FAFE /* Sources */ = {
			isa = PBXSourcesBuildPhase;
			buildActionMask = 2147483647;
			files = (
				C88CBF252586097900E5FAFE /* ViewController.swift in Sources */,
				C88CBF212586097900E5FAFE /* AppDelegate.swift in Sources */,
			);
			runOnlyForDeploymentPostprocessing = 0;
		};
/* End PBXSourcesBuildPhase section */

/* Begin PBXTargetDependency section */
		C88CBF5725861CF500E5FAFE /* PBXTargetDependency */ = {
			isa = PBXTargetDependency;
			target = C88CBF002586076600E5FAFE /* Juno */;
			targetProxy = C88CBF5625861CF500E5FAFE /* PBXContainerItemProxy */;
		};
/* End PBXTargetDependency section */

/* Begin PBXVariantGroup section */
		C88CBF262586097900E5FAFE /* Main.storyboard */ = {
			isa = PBXVariantGroup;
			children = (
				C88CBF272586097900E5FAFE /* Base */,
			);
			name = Main.storyboard;
			sourceTree = "<group>";
		};
		C88CBF2B2586097900E5FAFE /* LaunchScreen.storyboard */ = {
			isa = PBXVariantGroup;
			children = (
				C88CBF2C2586097900E5FAFE /* Base */,
			);
			name = LaunchScreen.storyboard;
			sourceTree = "<group>";
		};
/* End PBXVariantGroup section */

/* Begin XCBuildConfiguration section */
		C88CBF072586076600E5FAFE /* Debug */ = {
			isa = XCBuildConfiguration;
			buildSettings = {
				ALWAYS_SEARCH_USER_PATHS = NO;
				CLANG_ANALYZER_NONNULL = YES;
				CLANG_ANALYZER_NUMBER_OBJECT_CONVERSION = YES_AGGRESSIVE;
				CLANG_CXX_LANGUAGE_STANDARD = "gnu++14";
				CLANG_CXX_LIBRARY = "libc++";
				CLANG_ENABLE_MODULES = YES;
				CLANG_ENABLE_OBJC_ARC = YES;
				CLANG_ENABLE_OBJC_WEAK = YES;
				CLANG_WARN_BLOCK_CAPTURE_AUTORELEASING = YES;
				CLANG_WARN_BOOL_CONVERSION = YES;
				CLANG_WARN_COMMA = YES;
				CLANG_WARN_CONSTANT_CONVERSION = YES;
				CLANG_WARN_DEPRECATED_OBJC_IMPLEMENTATIONS = YES;
				CLANG_WARN_DIRECT_OBJC_ISA_USAGE = YES_ERROR;
				CLANG_WARN_DOCUMENTATION_COMMENTS = YES;
				CLANG_WARN_EMPTY_BODY = YES;
				CLANG_WARN_ENUM_CONVERSION = YES;
				CLANG_WARN_INFINITE_RECURSION = YES;
				CLANG_WARN_INT_CONVERSION = YES;
				CLANG_WARN_NON_LITERAL_NULL_CONVERSION = YES;
				CLANG_WARN_OBJC_IMPLICIT_RETAIN_SELF = YES;
				CLANG_WARN_OBJC_LITERAL_CONVERSION = YES;
				CLANG_WARN_OBJC_ROOT_CLASS = YES_ERROR;
				CLANG_WARN_QUOTED_INCLUDE_IN_FRAMEWORK_HEADER = YES;
				CLANG_WARN_RANGE_LOOP_ANALYSIS = YES;
				CLANG_WARN_STRICT_PROTOTYPES = YES;
				CLANG_WARN_SUSPICIOUS_MOVE = YES;
				CLANG_WARN_UNGUARDED_AVAILABILITY = YES_AGGRESSIVE;
				CLANG_WARN_UNREACHABLE_CODE = YES;
				CLANG_WARN__DUPLICATE_METHOD_MATCH = YES;
				COPY_PHASE_STRIP = NO;
				CURRENT_PROJECT_VERSION = 1;
				DEBUG_INFORMATION_FORMAT = dwarf;
				ENABLE_STRICT_OBJC_MSGSEND = YES;
				ENABLE_TESTABILITY = YES;
				GCC_C_LANGUAGE_STANDARD = gnu11;
				GCC_DYNAMIC_NO_PIC = NO;
				GCC_NO_COMMON_BLOCKS = YES;
				GCC_OPTIMIZATION_LEVEL = 0;
				GCC_PREPROCESSOR_DEFINITIONS = (
					"DEBUG=1",
					"$(inherited)",
				);
				GCC_WARN_64_TO_32_BIT_CONVERSION = YES;
				GCC_WARN_ABOUT_RETURN_TYPE = YES_ERROR;
				GCC_WARN_UNDECLARED_SELECTOR = YES;
				GCC_WARN_UNINITIALIZED_AUTOS = YES_AGGRESSIVE;
				GCC_WARN_UNUSED_FUNCTION = YES;
				GCC_WARN_UNUSED_VARIABLE = YES;
				IPHONEOS_DEPLOYMENT_TARGET = 11.0;
				MTL_ENABLE_DEBUG_INFO = INCLUDE_SOURCE;
				MTL_FAST_MATH = YES;
				ONLY_ACTIVE_ARCH = YES;
				SDKROOT = iphoneos;
				SWIFT_ACTIVE_COMPILATION_CONDITIONS = DEBUG;
				SWIFT_OPTIMIZATION_LEVEL = "-Onone";
				VERSIONING_SYSTEM = "apple-generic";
				VERSION_INFO_PREFIX = "";
			};
			name = Debug;
		};
		C88CBF082586076600E5FAFE /* Release */ = {
			isa = XCBuildConfiguration;
			buildSettings = {
				ALWAYS_SEARCH_USER_PATHS = NO;
				CLANG_ANALYZER_NONNULL = YES;
				CLANG_ANALYZER_NUMBER_OBJECT_CONVERSION = YES_AGGRESSIVE;
				CLANG_CXX_LANGUAGE_STANDARD = "gnu++14";
				CLANG_CXX_LIBRARY = "libc++";
				CLANG_ENABLE_MODULES = YES;
				CLANG_ENABLE_OBJC_ARC = YES;
				CLANG_ENABLE_OBJC_WEAK = YES;
				CLANG_WARN_BLOCK_CAPTURE_AUTORELEASING = YES;
				CLANG_WARN_BOOL_CONVERSION = YES;
				CLANG_WARN_COMMA = YES;
				CLANG_WARN_CONSTANT_CONVERSION = YES;
				CLANG_WARN_DEPRECATED_OBJC_IMPLEMENTATIONS = YES;
				CLANG_WARN_DIRECT_OBJC_ISA_USAGE = YES_ERROR;
				CLANG_WARN_DOCUMENTATION_COMMENTS = YES;
				CLANG_WARN_EMPTY_BODY = YES;
				CLANG_WARN_ENUM_CONVERSION = YES;
				CLANG_WARN_INFINITE_RECURSION = YES;
				CLANG_WARN_INT_CONVERSION = YES;
				CLANG_WARN_NON_LITERAL_NULL_CONVERSION = YES;
				CLANG_WARN_OBJC_IMPLICIT_RETAIN_SELF = YES;
				CLANG_WARN_OBJC_LITERAL_CONVERSION = YES;
				CLANG_WARN_OBJC_ROOT_CLASS = YES_ERROR;
				CLANG_WARN_QUOTED_INCLUDE_IN_FRAMEWORK_HEADER = YES;
				CLANG_WARN_RANGE_LOOP_ANALYSIS = YES;
				CLANG_WARN_STRICT_PROTOTYPES = YES;
				CLANG_WARN_SUSPICIOUS_MOVE = YES;
				CLANG_WARN_UNGUARDED_AVAILABILITY = YES_AGGRESSIVE;
				CLANG_WARN_UNREACHABLE_CODE = YES;
				CLANG_WARN__DUPLICATE_METHOD_MATCH = YES;
				COPY_PHASE_STRIP = NO;
				CURRENT_PROJECT_VERSION = 1;
				DEBUG_INFORMATION_FORMAT = "dwarf-with-dsym";
				ENABLE_NS_ASSERTIONS = NO;
				ENABLE_STRICT_OBJC_MSGSEND = YES;
				GCC_C_LANGUAGE_STANDARD = gnu11;
				GCC_NO_COMMON_BLOCKS = YES;
				GCC_WARN_64_TO_32_BIT_CONVERSION = YES;
				GCC_WARN_ABOUT_RETURN_TYPE = YES_ERROR;
				GCC_WARN_UNDECLARED_SELECTOR = YES;
				GCC_WARN_UNINITIALIZED_AUTOS = YES_AGGRESSIVE;
				GCC_WARN_UNUSED_FUNCTION = YES;
				GCC_WARN_UNUSED_VARIABLE = YES;
				IPHONEOS_DEPLOYMENT_TARGET = 11.0;
				MTL_ENABLE_DEBUG_INFO = NO;
				MTL_FAST_MATH = YES;
				SDKROOT = iphoneos;
				SWIFT_COMPILATION_MODE = wholemodule;
				SWIFT_OPTIMIZATION_LEVEL = "-O";
				VALIDATE_PRODUCT = YES;
				VERSIONING_SYSTEM = "apple-generic";
				VERSION_INFO_PREFIX = "";
			};
			name = Release;
		};
		C88CBF0A2586076600E5FAFE /* Debug */ = {
			isa = XCBuildConfiguration;
			buildSettings = {
				CLANG_ENABLE_MODULES = YES;
				CODE_SIGN_STYLE = Automatic;
				DEFINES_MODULE = YES;
				DEVELOPMENT_TEAM = DAQJUYBRTY;
				DYLIB_COMPATIBILITY_VERSION = 1;
				DYLIB_CURRENT_VERSION = 1;
				DYLIB_INSTALL_NAME_BASE = "@rpath";
				INFOPLIST_FILE = Juno/Info.plist;
				INSTALL_PATH = "$(LOCAL_LIBRARY_DIR)/Frameworks";
				LD_RUNPATH_SEARCH_PATHS = (
					"$(inherited)",
					"@executable_path/Frameworks",
					"@loader_path/Frameworks",
				);
				PRODUCT_BUNDLE_IDENTIFIER = emreonder.Juno;
				PRODUCT_NAME = "$(TARGET_NAME:c99extidentifier)";
				SKIP_INSTALL = YES;
				SUPPORTS_MACCATALYST = NO;
				SWIFT_OPTIMIZATION_LEVEL = "-Onone";
				SWIFT_VERSION = 5.0;
				TARGETED_DEVICE_FAMILY = "1,2";
			};
			name = Debug;
		};
		C88CBF0B2586076600E5FAFE /* Release */ = {
			isa = XCBuildConfiguration;
			buildSettings = {
				CLANG_ENABLE_MODULES = YES;
				CODE_SIGN_STYLE = Automatic;
				DEFINES_MODULE = YES;
				DEVELOPMENT_TEAM = DAQJUYBRTY;
				DYLIB_COMPATIBILITY_VERSION = 1;
				DYLIB_CURRENT_VERSION = 1;
				DYLIB_INSTALL_NAME_BASE = "@rpath";
				INFOPLIST_FILE = Juno/Info.plist;
				INSTALL_PATH = "$(LOCAL_LIBRARY_DIR)/Frameworks";
				LD_RUNPATH_SEARCH_PATHS = (
					"$(inherited)",
					"@executable_path/Frameworks",
					"@loader_path/Frameworks",
				);
				PRODUCT_BUNDLE_IDENTIFIER = emreonder.Juno;
				PRODUCT_NAME = "$(TARGET_NAME:c99extidentifier)";
				SKIP_INSTALL = YES;
				SUPPORTS_MACCATALYST = NO;
				SWIFT_VERSION = 5.0;
				TARGETED_DEVICE_FAMILY = "1,2";
			};
			name = Release;
		};
		C88CBF302586097900E5FAFE /* Debug */ = {
			isa = XCBuildConfiguration;
			buildSettings = {
				ASSETCATALOG_COMPILER_APPICON_NAME = AppIcon;
				ASSETCATALOG_COMPILER_GLOBAL_ACCENT_COLOR_NAME = AccentColor;
				CODE_SIGN_STYLE = Automatic;
				DEVELOPMENT_TEAM = DAQJUYBRTY;
				INFOPLIST_FILE = JunoExample/Info.plist;
				LD_RUNPATH_SEARCH_PATHS = (
					"$(inherited)",
					"@executable_path/Frameworks",
				);
				PRODUCT_BUNDLE_IDENTIFIER = emreonder.JunoExample;
				PRODUCT_NAME = "$(TARGET_NAME)";
				SWIFT_VERSION = 5.0;
				TARGETED_DEVICE_FAMILY = "1,2";
			};
			name = Debug;
		};
		C88CBF312586097900E5FAFE /* Release */ = {
			isa = XCBuildConfiguration;
			buildSettings = {
				ASSETCATALOG_COMPILER_APPICON_NAME = AppIcon;
				ASSETCATALOG_COMPILER_GLOBAL_ACCENT_COLOR_NAME = AccentColor;
				CODE_SIGN_STYLE = Automatic;
				DEVELOPMENT_TEAM = DAQJUYBRTY;
				INFOPLIST_FILE = JunoExample/Info.plist;
				LD_RUNPATH_SEARCH_PATHS = (
					"$(inherited)",
					"@executable_path/Frameworks",
				);
				PRODUCT_BUNDLE_IDENTIFIER = emreonder.JunoExample;
				PRODUCT_NAME = "$(TARGET_NAME)";
				SWIFT_VERSION = 5.0;
				TARGETED_DEVICE_FAMILY = "1,2";
			};
			name = Release;
		};
/* End XCBuildConfiguration section */

/* Begin XCConfigurationList section */
		C88CBEFB2586076600E5FAFE /* Build configuration list for PBXProject "Juno" */ = {
			isa = XCConfigurationList;
			buildConfigurations = (
				C88CBF072586076600E5FAFE /* Debug */,
				C88CBF082586076600E5FAFE /* Release */,
			);
			defaultConfigurationIsVisible = 0;
			defaultConfigurationName = Release;
		};
		C88CBF092586076600E5FAFE /* Build configuration list for PBXNativeTarget "Juno" */ = {
			isa = XCConfigurationList;
			buildConfigurations = (
				C88CBF0A2586076600E5FAFE /* Debug */,
				C88CBF0B2586076600E5FAFE /* Release */,
			);
			defaultConfigurationIsVisible = 0;
			defaultConfigurationName = Release;
		};
		C88CBF2F2586097900E5FAFE /* Build configuration list for PBXNativeTarget "JunoExample" */ = {
			isa = XCConfigurationList;
			buildConfigurations = (
				C88CBF302586097900E5FAFE /* Debug */,
				C88CBF312586097900E5FAFE /* Release */,
			);
			defaultConfigurationIsVisible = 0;
			defaultConfigurationName = Release;
		};
/* End XCConfigurationList section */
	};
	rootObject = C88CBEF82586076600E5FAFE /* Project object */;
}
